
Microsoft Visual Studio Solution File, Format Version 12.00
# Visual Studio Version 16
VisualStudioVersion = 16.0.29209.62
MinimumVisualStudioVersion = 10.0.40219.1
Project("{9A19103F-16F7-4668-BE54-9A1E7A4F7556}") = "DanilovSoft.vRPC", "vRPC\DanilovSoft.vRPC.csproj", "{A0E0A5DE-B21F-45B3-9BB2-180458EB4288}"
EndProject
Project("{2150E333-8FDC-42A3-9474-1A3956D46DE8}") = "Benchmark", "Benchmark", "{CBE0B9BB-823B-47B7-8453-6F62A268D619}"
EndProject
Project("{9A19103F-16F7-4668-BE54-9A1E7A4F7556}") = "Test", "Test\Test.csproj", "{B1208391-FE4B-4C86-8E3D-1FD8798134EA}"
EndProject
Project("{2150E333-8FDC-42A3-9474-1A3956D46DE8}") = "Solution Items", "Solution Items", "{09FF4794-4D94-4BBC-902D-39722AB8EE23}"
	ProjectSection(SolutionItems) = preProject
		TextFile1.txt = TextFile1.txt
	EndProjectSection
EndProject
Project("{9A19103F-16F7-4668-BE54-9A1E7A4F7556}") = "XUnitTest", "XUnitTest\XUnitTest.csproj", "{D33AB168-E06F-4996-9EB3-C001F0EA6338}"
EndProject
Project("{2150E333-8FDC-42A3-9474-1A3956D46DE8}") = "Tests", "Tests", "{AC80F1ED-008C-4199-A496-64A28487A535}"
EndProject
Project("{9A19103F-16F7-4668-BE54-9A1E7A4F7556}") = "ClientBenchmark", "Benchmark\Client\ClientBenchmark.csproj", "{C1A8F344-6D2B-4979-B0FD-5663B9EA5DA0}"
EndProject
Project("{9A19103F-16F7-4668-BE54-9A1E7A4F7556}") = "ServerBenchmark", "Benchmark\Server\ServerBenchmark.csproj", "{73543579-EB17-47EC-A136-46F21106B5A7}"
EndProject
Global
	GlobalSection(SolutionConfigurationPlatforms) = preSolution
		Debug|Any CPU = Debug|Any CPU
		Release|Any CPU = Release|Any CPU
	EndGlobalSection
	GlobalSection(ProjectConfigurationPlatforms) = postSolution
		{A0E0A5DE-B21F-45B3-9BB2-180458EB4288}.Debug|Any CPU.ActiveCfg = Debug|Any CPU
		{A0E0A5DE-B21F-45B3-9BB2-180458EB4288}.Debug|Any CPU.Build.0 = Debug|Any CPU
		{A0E0A5DE-B21F-45B3-9BB2-180458EB4288}.Release|Any CPU.ActiveCfg = Release|Any CPU
		{A0E0A5DE-B21F-45B3-9BB2-180458EB4288}.Release|Any CPU.Build.0 = Release|Any CPU
		{B1208391-FE4B-4C86-8E3D-1FD8798134EA}.Debug|Any CPU.ActiveCfg = Debug|Any CPU
		{B1208391-FE4B-4C86-8E3D-1FD8798134EA}.Debug|Any CPU.Build.0 = Debug|Any CPU
		{B1208391-FE4B-4C86-8E3D-1FD8798134EA}.Release|Any CPU.ActiveCfg = Release|Any CPU
		{B1208391-FE4B-4C86-8E3D-1FD8798134EA}.Release|Any CPU.Build.0 = Release|Any CPU
		{D33AB168-E06F-4996-9EB3-C001F0EA6338}.Debug|Any CPU.ActiveCfg = Debug|Any CPU
		{D33AB168-E06F-4996-9EB3-C001F0EA6338}.Debug|Any CPU.Build.0 = Debug|Any CPU
		{D33AB168-E06F-4996-9EB3-C001F0EA6338}.Release|Any CPU.ActiveCfg = Release|Any CPU
		{D33AB168-E06F-4996-9EB3-C001F0EA6338}.Release|Any CPU.Build.0 = Release|Any CPU
		{C1A8F344-6D2B-4979-B0FD-5663B9EA5DA0}.Debug|Any CPU.ActiveCfg = Debug|Any CPU
		{C1A8F344-6D2B-4979-B0FD-5663B9EA5DA0}.Debug|Any CPU.Build.0 = Debug|Any CPU
		{C1A8F344-6D2B-4979-B0FD-5663B9EA5DA0}.Release|Any CPU.ActiveCfg = Release|Any CPU
		{C1A8F344-6D2B-4979-B0FD-5663B9EA5DA0}.Release|Any CPU.Build.0 = Release|Any CPU
		{73543579-EB17-47EC-A136-46F21106B5A7}.Debug|Any CPU.ActiveCfg = Debug|Any CPU
		{73543579-EB17-47EC-A136-46F21106B5A7}.Debug|Any CPU.Build.0 = Debug|Any CPU
		{73543579-EB17-47EC-A136-46F21106B5A7}.Release|Any CPU.ActiveCfg = Release|Any CPU
		{73543579-EB17-47EC-A136-46F21106B5A7}.Release|Any CPU.Build.0 = Release|Any CPU
	EndGlobalSection
	GlobalSection(SolutionProperties) = preSolution
		HideSolutionNode = FALSE
	EndGlobalSection
	GlobalSection(NestedProjects) = preSolution
		{C1A8F344-6D2B-4979-B0FD-5663B9EA5DA0} = {CBE0B9BB-823B-47B7-8453-6F62A268D619}
		{73543579-EB17-47EC-A136-46F21106B5A7} = {CBE0B9BB-823B-47B7-8453-6F62A268D619}
	EndGlobalSection
	GlobalSection(ExtensibilityGlobals) = postSolution
		SolutionGuid = {E8289719-8A9B-4E9A-AD6E-62C97A3E0C06}
	EndGlobalSection
EndGlobal
