
Microsoft Visual Studio Solution File, Format Version 12.00
# Visual Studio Version 16
VisualStudioVersion = 16.0.29209.62
MinimumVisualStudioVersion = 10.0.40219.1
Project("{9A19103F-16F7-4668-BE54-9A1E7A4F7556}") = "DanilovSoft.vRPC", "vRPC\DanilovSoft.vRPC.csproj", "{A0E0A5DE-B21F-45B3-9BB2-180458EB4288}"
EndProject
Project("{2150E333-8FDC-42A3-9474-1A3956D46DE8}") = "Benchmark", "Benchmark", "{CBE0B9BB-823B-47B7-8453-6F62A268D619}"
EndProject
Project("{9A19103F-16F7-4668-BE54-9A1E7A4F7556}") = "ClientBenchmark", "Benchmark\Client\ClientBenchmark.csproj", "{C1A8F344-6D2B-4979-B0FD-5663B9EA5DA0}"
EndProject
Project("{9A19103F-16F7-4668-BE54-9A1E7A4F7556}") = "ServerBenchmark", "Benchmark\Server\ServerBenchmark.csproj", "{73543579-EB17-47EC-A136-46F21106B5A7}"
EndProject
Project("{2150E333-8FDC-42A3-9474-1A3956D46DE8}") = "Tests", "Tests", "{07C81DF2-519D-44C3-BC71-D9E67A885769}"
EndProject
Project("{9A19103F-16F7-4668-BE54-9A1E7A4F7556}") = "XUnitTest", "Tests\XUnitTest\XUnitTest.csproj", "{746FE7CC-75DF-4708-90DB-BE9DB5EFA1C4}"
EndProject
Project("{2150E333-8FDC-42A3-9474-1A3956D46DE8}") = "IntegrationTests", "IntegrationTests", "{08DAD52E-339D-42F4-8082-EFEA32172B4F}"
EndProject
Project("{9A19103F-16F7-4668-BE54-9A1E7A4F7556}") = "ConsoleApp", "Tests\IntegrationTests\ConsoleApp\ConsoleApp.csproj", "{C5B5BDEE-449F-4349-9EA5-C0833E49BF30}"
EndProject
Project("{2150E333-8FDC-42A3-9474-1A3956D46DE8}") = "Solution Items", "Solution Items", "{0D90D039-7036-4E0D-9DF6-6758DA12CD93}"
	ProjectSection(SolutionItems) = preProject
		..\README.md = ..\README.md
	EndProjectSection
EndProject
Project("{FAE04EC0-301F-11D3-BF4B-00C04F79EFBC}") = "PublicXUnitTest", "PublicXUnitTest\PublicXUnitTest.csproj", "{BFD1CC26-6FB3-4BE9-B553-823C58EE612F}"
EndProject
Global
	GlobalSection(SolutionConfigurationPlatforms) = preSolution
		Debug|Any CPU = Debug|Any CPU
		Release|Any CPU = Release|Any CPU
	EndGlobalSection
	GlobalSection(ProjectConfigurationPlatforms) = postSolution
		{A0E0A5DE-B21F-45B3-9BB2-180458EB4288}.Debug|Any CPU.ActiveCfg = Debug|Any CPU
		{A0E0A5DE-B21F-45B3-9BB2-180458EB4288}.Debug|Any CPU.Build.0 = Debug|Any CPU
		{A0E0A5DE-B21F-45B3-9BB2-180458EB4288}.Release|Any CPU.ActiveCfg = Release|Any CPU
		{A0E0A5DE-B21F-45B3-9BB2-180458EB4288}.Release|Any CPU.Build.0 = Release|Any CPU
		{C1A8F344-6D2B-4979-B0FD-5663B9EA5DA0}.Debug|Any CPU.ActiveCfg = Debug|Any CPU
		{C1A8F344-6D2B-4979-B0FD-5663B9EA5DA0}.Debug|Any CPU.Build.0 = Debug|Any CPU
		{C1A8F344-6D2B-4979-B0FD-5663B9EA5DA0}.Release|Any CPU.ActiveCfg = Release|Any CPU
		{C1A8F344-6D2B-4979-B0FD-5663B9EA5DA0}.Release|Any CPU.Build.0 = Release|Any CPU
		{73543579-EB17-47EC-A136-46F21106B5A7}.Debug|Any CPU.ActiveCfg = Debug|Any CPU
		{73543579-EB17-47EC-A136-46F21106B5A7}.Debug|Any CPU.Build.0 = Debug|Any CPU
		{73543579-EB17-47EC-A136-46F21106B5A7}.Release|Any CPU.ActiveCfg = Release|Any CPU
		{73543579-EB17-47EC-A136-46F21106B5A7}.Release|Any CPU.Build.0 = Release|Any CPU
		{746FE7CC-75DF-4708-90DB-BE9DB5EFA1C4}.Debug|Any CPU.ActiveCfg = Debug|Any CPU
		{746FE7CC-75DF-4708-90DB-BE9DB5EFA1C4}.Debug|Any CPU.Build.0 = Debug|Any CPU
		{746FE7CC-75DF-4708-90DB-BE9DB5EFA1C4}.Release|Any CPU.ActiveCfg = Release|Any CPU
		{746FE7CC-75DF-4708-90DB-BE9DB5EFA1C4}.Release|Any CPU.Build.0 = Release|Any CPU
		{C5B5BDEE-449F-4349-9EA5-C0833E49BF30}.Debug|Any CPU.ActiveCfg = Debug|Any CPU
		{C5B5BDEE-449F-4349-9EA5-C0833E49BF30}.Debug|Any CPU.Build.0 = Debug|Any CPU
		{C5B5BDEE-449F-4349-9EA5-C0833E49BF30}.Release|Any CPU.ActiveCfg = Release|Any CPU
		{C5B5BDEE-449F-4349-9EA5-C0833E49BF30}.Release|Any CPU.Build.0 = Release|Any CPU
		{BFD1CC26-6FB3-4BE9-B553-823C58EE612F}.Debug|Any CPU.ActiveCfg = Debug|Any CPU
		{BFD1CC26-6FB3-4BE9-B553-823C58EE612F}.Debug|Any CPU.Build.0 = Debug|Any CPU
		{BFD1CC26-6FB3-4BE9-B553-823C58EE612F}.Release|Any CPU.ActiveCfg = Release|Any CPU
		{BFD1CC26-6FB3-4BE9-B553-823C58EE612F}.Release|Any CPU.Build.0 = Release|Any CPU
	EndGlobalSection
	GlobalSection(SolutionProperties) = preSolution
		HideSolutionNode = FALSE
	EndGlobalSection
	GlobalSection(NestedProjects) = preSolution
		{C1A8F344-6D2B-4979-B0FD-5663B9EA5DA0} = {CBE0B9BB-823B-47B7-8453-6F62A268D619}
		{73543579-EB17-47EC-A136-46F21106B5A7} = {CBE0B9BB-823B-47B7-8453-6F62A268D619}
		{746FE7CC-75DF-4708-90DB-BE9DB5EFA1C4} = {07C81DF2-519D-44C3-BC71-D9E67A885769}
		{08DAD52E-339D-42F4-8082-EFEA32172B4F} = {07C81DF2-519D-44C3-BC71-D9E67A885769}
		{C5B5BDEE-449F-4349-9EA5-C0833E49BF30} = {08DAD52E-339D-42F4-8082-EFEA32172B4F}
		{BFD1CC26-6FB3-4BE9-B553-823C58EE612F} = {07C81DF2-519D-44C3-BC71-D9E67A885769}
	EndGlobalSection
	GlobalSection(ExtensibilityGlobals) = postSolution
		SolutionGuid = {E8289719-8A9B-4E9A-AD6E-62C97A3E0C06}
	EndGlobalSection
EndGlobal
