
Microsoft Visual Studio Solution File, Format Version 12.00
# Visual Studio Version 17
VisualStudioVersion = 17.0.32014.148
MinimumVisualStudioVersion = 10.0.40219.1
Project("{9A19103F-16F7-4668-BE54-9A1E7A4F7556}") = "DanilovSoft.vRPC", "vRPC\DanilovSoft.vRPC.csproj", "{A0E0A5DE-B21F-45B3-9BB2-180458EB4288}"
EndProject
Project("{2150E333-8FDC-42A3-9474-1A3956D46DE8}") = "Benchmark", "Benchmark", "{CBE0B9BB-823B-47B7-8453-6F62A268D619}"
EndProject
Project("{9A19103F-16F7-4668-BE54-9A1E7A4F7556}") = "ClientBenchmark", "Benchmark\Client\ClientBenchmark.csproj", "{C1A8F344-6D2B-4979-B0FD-5663B9EA5DA0}"
EndProject
Project("{9A19103F-16F7-4668-BE54-9A1E7A4F7556}") = "ServerBenchmark", "Benchmark\Server\ServerBenchmark.csproj", "{73543579-EB17-47EC-A136-46F21106B5A7}"
EndProject
Project("{2150E333-8FDC-42A3-9474-1A3956D46DE8}") = "Tests", "Tests", "{07C81DF2-519D-44C3-BC71-D9E67A885769}"
EndProject
Project("{9A19103F-16F7-4668-BE54-9A1E7A4F7556}") = "XUnits", "Tests\XUnitTest\XUnits.csproj", "{746FE7CC-75DF-4708-90DB-BE9DB5EFA1C4}"
EndProject
Project("{2150E333-8FDC-42A3-9474-1A3956D46DE8}") = "IntegrationTests", "IntegrationTests", "{08DAD52E-339D-42F4-8082-EFEA32172B4F}"
EndProject
Project("{9A19103F-16F7-4668-BE54-9A1E7A4F7556}") = "InternalConsoleApp", "Tests\IntegrationTests\ConsoleApp\InternalConsoleApp.csproj", "{C5B5BDEE-449F-4349-9EA5-C0833E49BF30}"
EndProject
Project("{2150E333-8FDC-42A3-9474-1A3956D46DE8}") = "Solution Items", "Solution Items", "{0D90D039-7036-4E0D-9DF6-6758DA12CD93}"
	ProjectSection(SolutionItems) = preProject
		.editorconfig = .editorconfig
		..\README.md = ..\README.md
	EndProjectSection
EndProject
Project("{9A19103F-16F7-4668-BE54-9A1E7A4F7556}") = "LoadTestApp", "LoadTestApp\LoadTestApp.csproj", "{6D9E08FA-C535-4F77-AA01-7141C46DFE59}"
EndProject
Project("{9A19103F-16F7-4668-BE54-9A1E7A4F7556}") = "AspNetCore", "AspNetCoreTest\AspNetCore.csproj", "{AC46173A-3B96-4624-9282-BC5E8EC172BA}"
EndProject
Project("{9A19103F-16F7-4668-BE54-9A1E7A4F7556}") = "DanilovSoft.vRPC.AspNetCore", "DanilovSoft.vRPC.AspNetCore\DanilovSoft.vRPC.AspNetCore.csproj", "{4A1D5403-2DF7-463C-BF5C-92AB60A7F124}"
EndProject
Project("{9A19103F-16F7-4668-BE54-9A1E7A4F7556}") = "AspNetCoreXUnits", "AspNetCoreXUnits\AspNetCoreXUnits.csproj", "{B637F94A-6B15-43BE-AE8D-449244EFDC41}"
EndProject
Project("{9A19103F-16F7-4668-BE54-9A1E7A4F7556}") = "DanilovSoft.WebSockets", "..\..\..\DanilovSoft.WebSocket\WebSockets\DanilovSoft.WebSockets.csproj", "{82DDE4B0-78D2-488D-BB0D-2010DAFFCD69}"
EndProject
Project("{FAE04EC0-301F-11D3-BF4B-00C04F79EFBC}") = "DebugApp", "DebugApp\DebugApp.csproj", "{3F71D357-5A4C-472A-B3F0-484B58605ECA}"
EndProject
Global
	GlobalSection(SolutionConfigurationPlatforms) = preSolution
		Debug|Any CPU = Debug|Any CPU
		Release|Any CPU = Release|Any CPU
	EndGlobalSection
	GlobalSection(ProjectConfigurationPlatforms) = postSolution
		{A0E0A5DE-B21F-45B3-9BB2-180458EB4288}.Debug|Any CPU.ActiveCfg = Debug|Any CPU
		{A0E0A5DE-B21F-45B3-9BB2-180458EB4288}.Debug|Any CPU.Build.0 = Debug|Any CPU
		{A0E0A5DE-B21F-45B3-9BB2-180458EB4288}.Release|Any CPU.ActiveCfg = Release|Any CPU
		{A0E0A5DE-B21F-45B3-9BB2-180458EB4288}.Release|Any CPU.Build.0 = Release|Any CPU
		{C1A8F344-6D2B-4979-B0FD-5663B9EA5DA0}.Debug|Any CPU.ActiveCfg = Debug|Any CPU
		{C1A8F344-6D2B-4979-B0FD-5663B9EA5DA0}.Debug|Any CPU.Build.0 = Debug|Any CPU
		{C1A8F344-6D2B-4979-B0FD-5663B9EA5DA0}.Release|Any CPU.ActiveCfg = Release|Any CPU
		{C1A8F344-6D2B-4979-B0FD-5663B9EA5DA0}.Release|Any CPU.Build.0 = Release|Any CPU
		{73543579-EB17-47EC-A136-46F21106B5A7}.Debug|Any CPU.ActiveCfg = Debug|Any CPU
		{73543579-EB17-47EC-A136-46F21106B5A7}.Debug|Any CPU.Build.0 = Debug|Any CPU
		{73543579-EB17-47EC-A136-46F21106B5A7}.Release|Any CPU.ActiveCfg = Release|Any CPU
		{73543579-EB17-47EC-A136-46F21106B5A7}.Release|Any CPU.Build.0 = Release|Any CPU
		{746FE7CC-75DF-4708-90DB-BE9DB5EFA1C4}.Debug|Any CPU.ActiveCfg = Debug|Any CPU
		{746FE7CC-75DF-4708-90DB-BE9DB5EFA1C4}.Debug|Any CPU.Build.0 = Debug|Any CPU
		{746FE7CC-75DF-4708-90DB-BE9DB5EFA1C4}.Release|Any CPU.ActiveCfg = Release|Any CPU
		{746FE7CC-75DF-4708-90DB-BE9DB5EFA1C4}.Release|Any CPU.Build.0 = Release|Any CPU
		{C5B5BDEE-449F-4349-9EA5-C0833E49BF30}.Debug|Any CPU.ActiveCfg = Debug|Any CPU
		{C5B5BDEE-449F-4349-9EA5-C0833E49BF30}.Debug|Any CPU.Build.0 = Debug|Any CPU
		{C5B5BDEE-449F-4349-9EA5-C0833E49BF30}.Release|Any CPU.ActiveCfg = Release|Any CPU
		{C5B5BDEE-449F-4349-9EA5-C0833E49BF30}.Release|Any CPU.Build.0 = Release|Any CPU
		{6D9E08FA-C535-4F77-AA01-7141C46DFE59}.Debug|Any CPU.ActiveCfg = Debug|Any CPU
		{6D9E08FA-C535-4F77-AA01-7141C46DFE59}.Debug|Any CPU.Build.0 = Debug|Any CPU
		{6D9E08FA-C535-4F77-AA01-7141C46DFE59}.Release|Any CPU.ActiveCfg = Release|Any CPU
		{6D9E08FA-C535-4F77-AA01-7141C46DFE59}.Release|Any CPU.Build.0 = Release|Any CPU
		{AC46173A-3B96-4624-9282-BC5E8EC172BA}.Debug|Any CPU.ActiveCfg = Debug|Any CPU
		{AC46173A-3B96-4624-9282-BC5E8EC172BA}.Debug|Any CPU.Build.0 = Debug|Any CPU
		{AC46173A-3B96-4624-9282-BC5E8EC172BA}.Release|Any CPU.ActiveCfg = Release|Any CPU
		{AC46173A-3B96-4624-9282-BC5E8EC172BA}.Release|Any CPU.Build.0 = Release|Any CPU
		{4A1D5403-2DF7-463C-BF5C-92AB60A7F124}.Debug|Any CPU.ActiveCfg = Debug|Any CPU
		{4A1D5403-2DF7-463C-BF5C-92AB60A7F124}.Debug|Any CPU.Build.0 = Debug|Any CPU
		{4A1D5403-2DF7-463C-BF5C-92AB60A7F124}.Release|Any CPU.ActiveCfg = Release|Any CPU
		{4A1D5403-2DF7-463C-BF5C-92AB60A7F124}.Release|Any CPU.Build.0 = Release|Any CPU
		{B637F94A-6B15-43BE-AE8D-449244EFDC41}.Debug|Any CPU.ActiveCfg = Debug|Any CPU
		{B637F94A-6B15-43BE-AE8D-449244EFDC41}.Debug|Any CPU.Build.0 = Debug|Any CPU
		{B637F94A-6B15-43BE-AE8D-449244EFDC41}.Release|Any CPU.ActiveCfg = Release|Any CPU
		{B637F94A-6B15-43BE-AE8D-449244EFDC41}.Release|Any CPU.Build.0 = Release|Any CPU
		{82DDE4B0-78D2-488D-BB0D-2010DAFFCD69}.Debug|Any CPU.ActiveCfg = Debug|Any CPU
		{82DDE4B0-78D2-488D-BB0D-2010DAFFCD69}.Debug|Any CPU.Build.0 = Debug|Any CPU
		{82DDE4B0-78D2-488D-BB0D-2010DAFFCD69}.Release|Any CPU.ActiveCfg = Release|Any CPU
		{82DDE4B0-78D2-488D-BB0D-2010DAFFCD69}.Release|Any CPU.Build.0 = Release|Any CPU
		{3F71D357-5A4C-472A-B3F0-484B58605ECA}.Debug|Any CPU.ActiveCfg = Debug|Any CPU
		{3F71D357-5A4C-472A-B3F0-484B58605ECA}.Debug|Any CPU.Build.0 = Debug|Any CPU
		{3F71D357-5A4C-472A-B3F0-484B58605ECA}.Release|Any CPU.ActiveCfg = Release|Any CPU
		{3F71D357-5A4C-472A-B3F0-484B58605ECA}.Release|Any CPU.Build.0 = Release|Any CPU
	EndGlobalSection
	GlobalSection(SolutionProperties) = preSolution
		HideSolutionNode = FALSE
	EndGlobalSection
	GlobalSection(NestedProjects) = preSolution
		{C1A8F344-6D2B-4979-B0FD-5663B9EA5DA0} = {CBE0B9BB-823B-47B7-8453-6F62A268D619}
		{73543579-EB17-47EC-A136-46F21106B5A7} = {CBE0B9BB-823B-47B7-8453-6F62A268D619}
		{746FE7CC-75DF-4708-90DB-BE9DB5EFA1C4} = {07C81DF2-519D-44C3-BC71-D9E67A885769}
		{08DAD52E-339D-42F4-8082-EFEA32172B4F} = {07C81DF2-519D-44C3-BC71-D9E67A885769}
		{C5B5BDEE-449F-4349-9EA5-C0833E49BF30} = {08DAD52E-339D-42F4-8082-EFEA32172B4F}
		{6D9E08FA-C535-4F77-AA01-7141C46DFE59} = {07C81DF2-519D-44C3-BC71-D9E67A885769}
		{AC46173A-3B96-4624-9282-BC5E8EC172BA} = {07C81DF2-519D-44C3-BC71-D9E67A885769}
		{B637F94A-6B15-43BE-AE8D-449244EFDC41} = {07C81DF2-519D-44C3-BC71-D9E67A885769}
		{3F71D357-5A4C-472A-B3F0-484B58605ECA} = {07C81DF2-519D-44C3-BC71-D9E67A885769}
	EndGlobalSection
	GlobalSection(ExtensibilityGlobals) = postSolution
		SolutionGuid = {E8289719-8A9B-4E9A-AD6E-62C97A3E0C06}
	EndGlobalSection
EndGlobal
