{
  "name": "asp.net",
  "version": "1.0.0",
  "lockfileVersion": 1,
  "requires": true,
  "dependencies": {
    "json-rpc-2.0": {
      "version": "0.2.15",
      "resolved": "https://registry.npmjs.org/json-rpc-2.0/-/json-rpc-2.0-0.2.15.tgz",
      "integrity": "sha512-Yy3yBrY6A5w+9V3UNaEJjlGAeJbbyKJ62fye6Yjul5qhMYSwpTIVHHdhFA8hYQv8uJ8xXbzBR5a9QuNpVCrmlQ=="
    }
  }
}
